{
  "version": 1,
  "dependencies": {
    "net7.0": {
      "Impostor.Hazel": {
        "type": "Direct",
        "requested": "[1.0.0, )",
        "resolved": "1.0.0",
        "contentHash": "FgVKuIWK+o6Q+wOPFoZZTeoSuVh4giAhrS8Zvs6O0++Bg8RxH4Lw51uSwnexLiwosXveUCIXICzgGHmRyguVSA==",
        "dependencies": {
          "Impostor.Hazel.Abstractions": "1.0.0",
          "Microsoft.Extensions.DependencyInjection.Abstractions": "7.0.0",
          "Microsoft.Extensions.ObjectPool": "7.0.1",
          "Serilog": "2.12.0"
        }
      },
      "Microsoft.Extensions.DependencyInjection": {
        "type": "Direct",
        "requested": "[7.0.0, )",
        "resolved": "7.0.0",
        "contentHash": "elNeOmkeX3eDVG6pYVeV82p29hr+UKDaBhrZyWvWLw/EVZSYEkZlQdkp0V39k/Xehs2Qa0mvoCvkVj3eQxNQ1Q==",
        "dependencies": {
          "Microsoft.Extensions.DependencyInjection.Abstractions": "7.0.0"
        }
      },
      "Pcap.Net.x64": {
        "type": "Direct",
        "requested": "[1.0.4.1, )",
        "resolved": "1.0.4.1",
        "contentHash": "8kyqaySh23tikkLMZW/DgI3uf+om3QCvvg1dj2h7O6nKHoz9G2j0OfIqozI8FvkymbcHei0JjeBcPP3/t6kAtA=="
      },
      "Impostor.Hazel.Abstractions": {
        "type": "Transitive",
        "resolved": "1.0.0",
        "contentHash": "x56AEsY5fKU2Z5O7ZrzEqKfr62kq/C05Aevcciwz5yMfOQlpwuFI1awgNGJsoe+bcx+XnFc3+l+eadtY72aZsg=="
      },
      "Microsoft.Extensions.DependencyInjection.Abstractions": {
        "type": "Transitive",
        "resolved": "7.0.0",
        "contentHash": "h3j/QfmFN4S0w4C2A6X7arXij/M/OVw3uQHSOFxnND4DyAzO1F9eMX7Eti7lU/OkSthEE0WzRsfT/Dmx86jzCw=="
      },
      "Microsoft.Extensions.ObjectPool": {
        "type": "Transitive",
        "resolved": "7.0.1",
        "contentHash": "dDFItid/TGJljAnqbUQ0PkAl6ShIG0htwRR8J0cG/5Il6lIZPfkIZMwrZTWiF23AiQcqt6suPaUy2ih6dsCB9Q=="
      },
      "Serilog": {
        "type": "Transitive",
        "resolved": "2.12.0",
        "contentHash": "xaiJLIdu6rYMKfQMYUZgTy8YK7SMZjB4Yk50C/u//Z4OsvxkUfSPJy4nknfvwAC34yr13q7kcyh4grbwhSxyZg=="
      }
    }
  }
}