{
  "version": 1,
  "dependencies": {
    "net8.0": {
      "Impostor.Hazel": {
        "type": "Direct",
        "requested": "[1.0.0, )",
        "resolved": "1.0.0",
        "contentHash": "FgVKuIWK+o6Q+wOPFoZZTeoSuVh4giAhrS8Zvs6O0++Bg8RxH4Lw51uSwnexLiwosXveUCIXICzgGHmRyguVSA==",
        "dependencies": {
          "Impostor.Hazel.Abstractions": "1.0.0",
          "Microsoft.Extensions.DependencyInjection.Abstractions": "7.0.0",
          "Microsoft.Extensions.ObjectPool": "7.0.1",
          "Serilog": "2.12.0"
        }
      },
      "Microsoft.Extensions.DependencyInjection": {
        "type": "Direct",
        "requested": "[8.0.0, )",
        "resolved": "8.0.0",
        "contentHash": "V8S3bsm50ig6JSyrbcJJ8bW2b9QLGouz+G1miK3UTaOWmMtFwNNNzUf4AleyDWUmTrWMLNnFSLEQtxmxgNQnNQ==",
        "dependencies": {
          "Microsoft.Extensions.DependencyInjection.Abstractions": "8.0.0"
        }
      },
      "Pcap.Net.x64": {
        "type": "Direct",
        "requested": "[1.0.4.1, )",
        "resolved": "1.0.4.1",
        "contentHash": "8kyqaySh23tikkLMZW/DgI3uf+om3QCvvg1dj2h7O6nKHoz9G2j0OfIqozI8FvkymbcHei0JjeBcPP3/t6kAtA=="
      },
      "Impostor.Hazel.Abstractions": {
        "type": "Transitive",
        "resolved": "1.0.0",
        "contentHash": "x56AEsY5fKU2Z5O7ZrzEqKfr62kq/C05Aevcciwz5yMfOQlpwuFI1awgNGJsoe+bcx+XnFc3+l+eadtY72aZsg=="
      },
      "Microsoft.Extensions.DependencyInjection.Abstractions": {
        "type": "Transitive",
        "resolved": "8.0.0",
        "contentHash": "cjWrLkJXK0rs4zofsK4bSdg+jhDLTaxrkXu4gS6Y7MAlCvRyNNgwY/lJi5RDlQOnSZweHqoyvgvbdvQsRIW+hg=="
      },
      "Microsoft.Extensions.ObjectPool": {
        "type": "Transitive",
        "resolved": "7.0.1",
        "contentHash": "dDFItid/TGJljAnqbUQ0PkAl6ShIG0htwRR8J0cG/5Il6lIZPfkIZMwrZTWiF23AiQcqt6suPaUy2ih6dsCB9Q=="
      },
      "Serilog": {
        "type": "Transitive",
        "resolved": "2.12.0",
        "contentHash": "xaiJLIdu6rYMKfQMYUZgTy8YK7SMZjB4Yk50C/u//Z4OsvxkUfSPJy4nknfvwAC34yr13q7kcyh4grbwhSxyZg=="
      }
    }
  }
}