{
  "version": 1,
  "dependencies": {
    "net8.0": {
      "Impostor.Hazel": {
        "type": "Direct",
        "requested": "[1.0.1, )",
        "resolved": "1.0.1",
        "contentHash": "DFsZcOa9ptFEj8FCfK63L/bcJ9RUVRZUhUS0qkrmdSqkgeJRdvUOTWR1gKlqbaOJcSEvexAITC0QJEPnJUcI7Q==",
        "dependencies": {
          "Impostor.Hazel.Abstractions": "1.0.1",
          "Microsoft.Extensions.DependencyInjection.Abstractions": "8.0.0",
          "Microsoft.Extensions.ObjectPool": "8.0.0",
          "Serilog": "2.12.0"
        }
      },
      "Microsoft.Extensions.DependencyInjection": {
        "type": "Direct",
        "requested": "[8.0.0, )",
        "resolved": "8.0.0",
        "contentHash": "V8S3bsm50ig6JSyrbcJJ8bW2b9QLGouz+G1miK3UTaOWmMtFwNNNzUf4AleyDWUmTrWMLNnFSLEQtxmxgNQnNQ==",
        "dependencies": {
          "Microsoft.Extensions.DependencyInjection.Abstractions": "8.0.0"
        }
      },
      "Pcap.Net.x64": {
        "type": "Direct",
        "requested": "[1.0.4.1, )",
        "resolved": "1.0.4.1",
        "contentHash": "8kyqaySh23tikkLMZW/DgI3uf+om3QCvvg1dj2h7O6nKHoz9G2j0OfIqozI8FvkymbcHei0JjeBcPP3/t6kAtA=="
      },
      "Impostor.Hazel.Abstractions": {
        "type": "Transitive",
        "resolved": "1.0.1",
        "contentHash": "de2bMj78xDXOWwyqQVk8o4vbZKGfAgOjnWnkKB1IGGovNtxLeBF8jy3wH5moTZB6juTnLf0ptkCDkRi8c2OcjA=="
      },
      "Microsoft.Extensions.DependencyInjection.Abstractions": {
        "type": "Transitive",
        "resolved": "8.0.0",
        "contentHash": "cjWrLkJXK0rs4zofsK4bSdg+jhDLTaxrkXu4gS6Y7MAlCvRyNNgwY/lJi5RDlQOnSZweHqoyvgvbdvQsRIW+hg=="
      },
      "Microsoft.Extensions.ObjectPool": {
        "type": "Transitive",
        "resolved": "8.0.0",
        "contentHash": "4pm+XgxSukskwjzDDfSjG4KNUIOdFF2VaqZZDtTzoyQMOVSnlV6ZM8a9aVu5dg9LVZTB//utzSc8fOi0b0Mb2Q=="
      },
      "Serilog": {
        "type": "Transitive",
        "resolved": "2.12.0",
        "contentHash": "xaiJLIdu6rYMKfQMYUZgTy8YK7SMZjB4Yk50C/u//Z4OsvxkUfSPJy4nknfvwAC34yr13q7kcyh4grbwhSxyZg=="
      }
    }
  }
}