lockfileVersion: '6.0'

settings:
  autoInstallPeers: true
  excludeLinksFromLockfile: false

devDependencies:
  '@biomejs/biome':
    specifier: 1.5.2
    version: 1.5.2

packages:

  /@biomejs/biome@1.5.2:
    resolution: {integrity: sha512-LhycxGQBQLmfv6M3e4tMfn/XKcUWyduDYOlCEBrHXJ2mMth2qzYt1JWypkWp+XmU/7Hl2dKvrP4mZ5W44+nWZw==}
    engines: {node: '>=14.*'}
    hasBin: true
    requiresBuild: true
    optionalDependencies:
      '@biomejs/cli-darwin-arm64': 1.5.2
      '@biomejs/cli-darwin-x64': 1.5.2
      '@biomejs/cli-linux-arm64': 1.5.2
      '@biomejs/cli-linux-arm64-musl': 1.5.2
      '@biomejs/cli-linux-x64': 1.5.2
      '@biomejs/cli-linux-x64-musl': 1.5.2
      '@biomejs/cli-win32-arm64': 1.5.2
      '@biomejs/cli-win32-x64': 1.5.2
    dev: true

  /@biomejs/cli-darwin-arm64@1.5.2:
    resolution: {integrity: sha512-3JVl08aHKsPyf0XL9SEj1lssIMmzOMAn2t1zwZKBiy/mcZdb0vuyMSTM5haMQ/90wEmrkYN7zux777PHEGrGiw==}
    engines: {node: '>=14.*'}
    cpu: [arm64]
    os: [darwin]
    requiresBuild: true
    dev: true
    optional: true

  /@biomejs/cli-darwin-x64@1.5.2:
    resolution: {integrity: sha512-QAPW9rZb/AgucUx+ogMg+9eJNipQDqvabktC5Tx4Aqb/mFzS6eDqNP7O0SbGz3DtC5Y2LATEj6o6zKIQ4ZT+3w==}
    engines: {node: '>=14.*'}
    cpu: [x64]
    os: [darwin]
    requiresBuild: true
    dev: true
    optional: true

  /@biomejs/cli-linux-arm64-musl@1.5.2:
    resolution: {integrity: sha512-Z29SjaOyO4QfajplNXSjLx17S79oPN42D094zjE24z7C7p3NxvLhKLygtSP9emgaXkcoESe2chOzF4IrGy/rlg==}
    engines: {node: '>=14.*'}
    cpu: [arm64]
    os: [linux]
    requiresBuild: true
    dev: true
    optional: true

  /@biomejs/cli-linux-arm64@1.5.2:
    resolution: {integrity: sha512-fVLrUgIlo05rO4cNu+Py5EwwmXnXhWH+8KrNlWkr2weMYjq85SihUsuWWKpmqU+bUVR+m5gwfcIXZVWYVCJMHw==}
    engines: {node: '>=14.*'}
    cpu: [arm64]
    os: [linux]
    requiresBuild: true
    dev: true
    optional: true

  /@biomejs/cli-linux-x64-musl@1.5.2:
    resolution: {integrity: sha512-ZolquPEjWYUmGeERS8svHOOT7OXEeoriPnV8qptgWJmYF9EO9HUGRn1UtCvdVziDYK+u1A7PxjOdkY1B00ty5A==}
    engines: {node: '>=14.*'}
    cpu: [x64]
    os: [linux]
    requiresBuild: true
    dev: true
    optional: true

  /@biomejs/cli-linux-x64@1.5.2:
    resolution: {integrity: sha512-ixqJtUHtF0ho1+1DTZQLAEwHGSqvmvHhAAFXZQoaSdABn+IcITYExlFVA3bGvASy/xtPjRhTx42hVwPtLwMHwg==}
    engines: {node: '>=14.*'}
    cpu: [x64]
    os: [linux]
    requiresBuild: true
    dev: true
    optional: true

  /@biomejs/cli-win32-arm64@1.5.2:
    resolution: {integrity: sha512-DN4cXSAoFTdjOoh7f+JITj1uQgQSXt+1pVea9bFrpbgip+ZwkONqQq+jUcmFMMehbp9LuiVtNXFz/ReHn6FY7A==}
    engines: {node: '>=14.*'}
    cpu: [arm64]
    os: [win32]
    requiresBuild: true
    dev: true
    optional: true

  /@biomejs/cli-win32-x64@1.5.2:
    resolution: {integrity: sha512-YvWWXZmk936FdrXqc2jcP6rfsXsNBIs9MKBQQoVXIihwNNRiAaBD9Iwa/ouU1b7Zxq2zETgeuRewVJickFuVOw==}
    engines: {node: '>=14.*'}
    cpu: [x64]
    os: [win32]
    requiresBuild: true
    dev: true
    optional: true
