{
  "version": 1,
  "dependencies": {
    "net8.0": {
      "Serilog.Sinks.Console": {
        "type": "Direct",
        "requested": "[5.0.1, )",
        "resolved": "5.0.1",
        "contentHash": "6Jt8jl9y2ey8VV7nVEUAyjjyxjAQuvd5+qj4XYAT9CwcsvR70HHULGBeD+K2WCALFXf7CFsNQT4lON6qXcu2AA==",
        "dependencies": {
          "Serilog": "3.1.1"
        }
      },
      "Impostor.Hazel": {
        "type": "Transitive",
        "resolved": "1.0.0",
        "contentHash": "FgVKuIWK+o6Q+wOPFoZZTeoSuVh4giAhrS8Zvs6O0++Bg8RxH4Lw51uSwnexLiwosXveUCIXICzgGHmRyguVSA==",
        "dependencies": {
          "Impostor.Hazel.Abstractions": "1.0.0",
          "Microsoft.Extensions.DependencyInjection.Abstractions": "7.0.0",
          "Microsoft.Extensions.ObjectPool": "7.0.1",
          "Serilog": "2.12.0"
        }
      },
      "Impostor.Hazel.Abstractions": {
        "type": "Transitive",
        "resolved": "1.0.0",
        "contentHash": "x56AEsY5fKU2Z5O7ZrzEqKfr62kq/C05Aevcciwz5yMfOQlpwuFI1awgNGJsoe+bcx+XnFc3+l+eadtY72aZsg=="
      },
      "Microsoft.AspNetCore.Http.Abstractions": {
        "type": "Transitive",
        "resolved": "2.2.0",
        "contentHash": "Nxs7Z1q3f1STfLYKJSVXCs1iBl+Ya6E8o4Oy1bCxJ/rNI44E/0f6tbsrVqAWfB7jlnJfyaAtIalBVxPKUPQb4Q==",
        "dependencies": {
          "Microsoft.AspNetCore.Http.Features": "2.2.0",
          "System.Text.Encodings.Web": "4.5.0"
        }
      },
      "Microsoft.AspNetCore.Http.Features": {
        "type": "Transitive",
        "resolved": "2.2.0",
        "contentHash": "ziFz5zH8f33En4dX81LW84I6XrYXKf9jg6aM39cM+LffN9KJahViKZ61dGMSO2gd3e+qe5yBRwsesvyqlZaSMg==",
        "dependencies": {
          "Microsoft.Extensions.Primitives": "2.2.0"
        }
      },
      "Microsoft.Extensions.Configuration": {
        "type": "Transitive",
        "resolved": "8.0.0",
        "contentHash": "0J/9YNXTMWSZP2p2+nvl8p71zpSwokZXZuJW+VjdErkegAnFdO1XlqtA62SJtgVYHdKu3uPxJHcMR/r35HwFBA==",
        "dependencies": {
          "Microsoft.Extensions.Configuration.Abstractions": "8.0.0",
          "Microsoft.Extensions.Primitives": "8.0.0"
        }
      },
      "Microsoft.Extensions.Configuration.Abstractions": {
        "type": "Transitive",
        "resolved": "8.0.0",
        "contentHash": "3lE/iLSutpgX1CC0NOW70FJoGARRHbyKmG7dc0klnUZ9Dd9hS6N/POPWhKhMLCEuNN5nXEY5agmlFtH562vqhQ==",
        "dependencies": {
          "Microsoft.Extensions.Primitives": "8.0.0"
        }
      },
      "Microsoft.Extensions.Configuration.Binder": {
        "type": "Transitive",
        "resolved": "8.0.0",
        "contentHash": "mBMoXLsr5s1y2zOHWmKsE9veDcx8h1x/c3rz4baEdQKTeDcmQAPNbB54Pi/lhFO3K431eEq6PFbMgLaa6PHFfA==",
        "dependencies": {
          "Microsoft.Extensions.Configuration.Abstractions": "8.0.0"
        }
      },
      "Microsoft.Extensions.Configuration.CommandLine": {
        "type": "Transitive",
        "resolved": "8.0.0",
        "contentHash": "NZuZMz3Q8Z780nKX3ifV1fE7lS+6pynDHK71OfU4OZ1ItgvDOhyOC7E6z+JMZrAj63zRpwbdldYFk499t3+1dQ==",
        "dependencies": {
          "Microsoft.Extensions.Configuration": "8.0.0",
          "Microsoft.Extensions.Configuration.Abstractions": "8.0.0"
        }
      },
      "Microsoft.Extensions.Configuration.EnvironmentVariables": {
        "type": "Transitive",
        "resolved": "8.0.0",
        "contentHash": "plvZ0ZIpq+97gdPNNvhwvrEZ92kNml9hd1pe3idMA7svR0PztdzVLkoWLcRFgySYXUJc3kSM3Xw3mNFMo/bxRA==",
        "dependencies": {
          "Microsoft.Extensions.Configuration": "8.0.0",
          "Microsoft.Extensions.Configuration.Abstractions": "8.0.0"
        }
      },
      "Microsoft.Extensions.Configuration.FileExtensions": {
        "type": "Transitive",
        "resolved": "8.0.0",
        "contentHash": "McP+Lz/EKwvtCv48z0YImw+L1gi1gy5rHhNaNIY2CrjloV+XY8gydT8DjMR6zWeL13AFK+DioVpppwAuO1Gi1w==",
        "dependencies": {
          "Microsoft.Extensions.Configuration": "8.0.0",
          "Microsoft.Extensions.Configuration.Abstractions": "8.0.0",
          "Microsoft.Extensions.FileProviders.Abstractions": "8.0.0",
          "Microsoft.Extensions.FileProviders.Physical": "8.0.0",
          "Microsoft.Extensions.Primitives": "8.0.0"
        }
      },
      "Microsoft.Extensions.Configuration.Json": {
        "type": "Transitive",
        "resolved": "8.0.0",
        "contentHash": "C2wqUoh9OmRL1akaCcKSTmRU8z0kckfImG7zLNI8uyi47Lp+zd5LWAD17waPQEqCz3ioWOCrFUo+JJuoeZLOBw==",
        "dependencies": {
          "Microsoft.Extensions.Configuration": "8.0.0",
          "Microsoft.Extensions.Configuration.Abstractions": "8.0.0",
          "Microsoft.Extensions.Configuration.FileExtensions": "8.0.0",
          "Microsoft.Extensions.FileProviders.Abstractions": "8.0.0",
          "System.Text.Json": "8.0.0"
        }
      },
      "Microsoft.Extensions.Configuration.UserSecrets": {
        "type": "Transitive",
        "resolved": "8.0.0",
        "contentHash": "ihDHu2dJYQird9pl2CbdwuNDfvCZdOS0S7SPlNfhPt0B81UTT+yyZKz2pimFZGUp3AfuBRnqUCxB2SjsZKHVUw==",
        "dependencies": {
          "Microsoft.Extensions.Configuration.Abstractions": "8.0.0",
          "Microsoft.Extensions.Configuration.Json": "8.0.0",
          "Microsoft.Extensions.FileProviders.Abstractions": "8.0.0",
          "Microsoft.Extensions.FileProviders.Physical": "8.0.0"
        }
      },
      "Microsoft.Extensions.DependencyInjection": {
        "type": "Transitive",
        "resolved": "8.0.0",
        "contentHash": "V8S3bsm50ig6JSyrbcJJ8bW2b9QLGouz+G1miK3UTaOWmMtFwNNNzUf4AleyDWUmTrWMLNnFSLEQtxmxgNQnNQ==",
        "dependencies": {
          "Microsoft.Extensions.DependencyInjection.Abstractions": "8.0.0"
        }
      },
      "Microsoft.Extensions.DependencyInjection.Abstractions": {
        "type": "Transitive",
        "resolved": "8.0.0",
        "contentHash": "cjWrLkJXK0rs4zofsK4bSdg+jhDLTaxrkXu4gS6Y7MAlCvRyNNgwY/lJi5RDlQOnSZweHqoyvgvbdvQsRIW+hg=="
      },
      "Microsoft.Extensions.DependencyModel": {
        "type": "Transitive",
        "resolved": "8.0.0",
        "contentHash": "NSmDw3K0ozNDgShSIpsZcbFIzBX4w28nDag+TfaQujkXGazBm+lid5onlWoCBy4VsLxqnnKjEBbGSJVWJMf43g==",
        "dependencies": {
          "System.Text.Encodings.Web": "8.0.0",
          "System.Text.Json": "8.0.0"
        }
      },
      "Microsoft.Extensions.Diagnostics": {
        "type": "Transitive",
        "resolved": "8.0.0",
        "contentHash": "3PZp/YSkIXrF7QK7PfC1bkyRYwqOHpWFad8Qx+4wkuumAeXo1NHaxpS9LboNA9OvNSAu+QOVlXbMyoY+pHSqcw==",
        "dependencies": {
          "Microsoft.Extensions.Configuration": "8.0.0",
          "Microsoft.Extensions.Diagnostics.Abstractions": "8.0.0",
          "Microsoft.Extensions.Options.ConfigurationExtensions": "8.0.0"
        }
      },
      "Microsoft.Extensions.Diagnostics.Abstractions": {
        "type": "Transitive",
        "resolved": "8.0.0",
        "contentHash": "JHYCQG7HmugNYUhOl368g+NMxYE/N/AiclCYRNlgCY9eVyiBkOHMwK4x60RYMxv9EL3+rmj1mqHvdCiPpC+D4Q==",
        "dependencies": {
          "Microsoft.Extensions.DependencyInjection.Abstractions": "8.0.0",
          "Microsoft.Extensions.Options": "8.0.0",
          "System.Diagnostics.DiagnosticSource": "8.0.0"
        }
      },
      "Microsoft.Extensions.FileProviders.Abstractions": {
        "type": "Transitive",
        "resolved": "8.0.0",
        "contentHash": "ZbaMlhJlpisjuWbvXr4LdAst/1XxH3vZ6A0BsgTphZ2L4PGuxRLz7Jr/S7mkAAnOn78Vu0fKhEgNF5JO3zfjqQ==",
        "dependencies": {
          "Microsoft.Extensions.Primitives": "8.0.0"
        }
      },
      "Microsoft.Extensions.FileProviders.Physical": {
        "type": "Transitive",
        "resolved": "8.0.0",
        "contentHash": "UboiXxpPUpwulHvIAVE36Knq0VSHaAmfrFkegLyBZeaADuKezJ/AIXYAW8F5GBlGk/VaibN2k/Zn1ca8YAfVdA==",
        "dependencies": {
          "Microsoft.Extensions.FileProviders.Abstractions": "8.0.0",
          "Microsoft.Extensions.FileSystemGlobbing": "8.0.0",
          "Microsoft.Extensions.Primitives": "8.0.0"
        }
      },
      "Microsoft.Extensions.FileSystemGlobbing": {
        "type": "Transitive",
        "resolved": "8.0.0",
        "contentHash": "OK+670i7esqlQrPjdIKRbsyMCe9g5kSLpRRQGSr4Q58AOYEe/hCnfLZprh7viNisSUUQZmMrbbuDaIrP+V1ebQ=="
      },
      "Microsoft.Extensions.Hosting": {
        "type": "Transitive",
        "resolved": "8.0.0",
        "contentHash": "ItYHpdqVp5/oFLT5QqbopnkKlyFG9EW/9nhM6/yfObeKt6Su0wkBio6AizgRHGNwhJuAtlE5VIjow5JOTrip6w==",
        "dependencies": {
          "Microsoft.Extensions.Configuration": "8.0.0",
          "Microsoft.Extensions.Configuration.Abstractions": "8.0.0",
          "Microsoft.Extensions.Configuration.Binder": "8.0.0",
          "Microsoft.Extensions.Configuration.CommandLine": "8.0.0",
          "Microsoft.Extensions.Configuration.EnvironmentVariables": "8.0.0",
          "Microsoft.Extensions.Configuration.FileExtensions": "8.0.0",
          "Microsoft.Extensions.Configuration.Json": "8.0.0",
          "Microsoft.Extensions.Configuration.UserSecrets": "8.0.0",
          "Microsoft.Extensions.DependencyInjection": "8.0.0",
          "Microsoft.Extensions.DependencyInjection.Abstractions": "8.0.0",
          "Microsoft.Extensions.Diagnostics": "8.0.0",
          "Microsoft.Extensions.FileProviders.Abstractions": "8.0.0",
          "Microsoft.Extensions.FileProviders.Physical": "8.0.0",
          "Microsoft.Extensions.Hosting.Abstractions": "8.0.0",
          "Microsoft.Extensions.Logging": "8.0.0",
          "Microsoft.Extensions.Logging.Abstractions": "8.0.0",
          "Microsoft.Extensions.Logging.Configuration": "8.0.0",
          "Microsoft.Extensions.Logging.Console": "8.0.0",
          "Microsoft.Extensions.Logging.Debug": "8.0.0",
          "Microsoft.Extensions.Logging.EventLog": "8.0.0",
          "Microsoft.Extensions.Logging.EventSource": "8.0.0",
          "Microsoft.Extensions.Options": "8.0.0"
        }
      },
      "Microsoft.Extensions.Hosting.Abstractions": {
        "type": "Transitive",
        "resolved": "8.0.0",
        "contentHash": "AG7HWwVRdCHlaA++1oKDxLsXIBxmDpMPb3VoyOoAghEWnkUvEAdYQUwnV4jJbAaa/nMYNiEh5ByoLauZBEiovg==",
        "dependencies": {
          "Microsoft.Extensions.Configuration.Abstractions": "8.0.0",
          "Microsoft.Extensions.DependencyInjection.Abstractions": "8.0.0",
          "Microsoft.Extensions.Diagnostics.Abstractions": "8.0.0",
          "Microsoft.Extensions.FileProviders.Abstractions": "8.0.0",
          "Microsoft.Extensions.Logging.Abstractions": "8.0.0"
        }
      },
      "Microsoft.Extensions.Logging": {
        "type": "Transitive",
        "resolved": "8.0.0",
        "contentHash": "tvRkov9tAJ3xP51LCv3FJ2zINmv1P8Hi8lhhtcKGqM+ImiTCC84uOPEI4z8Cdq2C3o9e+Aa0Gw0rmrsJD77W+w==",
        "dependencies": {
          "Microsoft.Extensions.DependencyInjection": "8.0.0",
          "Microsoft.Extensions.Logging.Abstractions": "8.0.0",
          "Microsoft.Extensions.Options": "8.0.0"
        }
      },
      "Microsoft.Extensions.Logging.Abstractions": {
        "type": "Transitive",
        "resolved": "8.0.0",
        "contentHash": "arDBqTgFCyS0EvRV7O3MZturChstm50OJ0y9bDJvAcmEPJm0FFpFyjU/JLYyStNGGey081DvnQYlncNX5SJJGA==",
        "dependencies": {
          "Microsoft.Extensions.DependencyInjection.Abstractions": "8.0.0"
        }
      },
      "Microsoft.Extensions.Logging.Configuration": {
        "type": "Transitive",
        "resolved": "8.0.0",
        "contentHash": "ixXXV0G/12g6MXK65TLngYN9V5hQQRuV+fZi882WIoVJT7h5JvoYoxTEwCgdqwLjSneqh1O+66gM8sMr9z/rsQ==",
        "dependencies": {
          "Microsoft.Extensions.Configuration": "8.0.0",
          "Microsoft.Extensions.Configuration.Abstractions": "8.0.0",
          "Microsoft.Extensions.Configuration.Binder": "8.0.0",
          "Microsoft.Extensions.DependencyInjection.Abstractions": "8.0.0",
          "Microsoft.Extensions.Logging": "8.0.0",
          "Microsoft.Extensions.Logging.Abstractions": "8.0.0",
          "Microsoft.Extensions.Options": "8.0.0",
          "Microsoft.Extensions.Options.ConfigurationExtensions": "8.0.0"
        }
      },
      "Microsoft.Extensions.Logging.Console": {
        "type": "Transitive",
        "resolved": "8.0.0",
        "contentHash": "e+48o7DztoYog+PY430lPxrM4mm3PbA6qucvQtUDDwVo4MO+ejMw7YGc/o2rnxbxj4isPxdfKFzTxvXMwAz83A==",
        "dependencies": {
          "Microsoft.Extensions.DependencyInjection.Abstractions": "8.0.0",
          "Microsoft.Extensions.Logging": "8.0.0",
          "Microsoft.Extensions.Logging.Abstractions": "8.0.0",
          "Microsoft.Extensions.Logging.Configuration": "8.0.0",
          "Microsoft.Extensions.Options": "8.0.0",
          "System.Text.Json": "8.0.0"
        }
      },
      "Microsoft.Extensions.Logging.Debug": {
        "type": "Transitive",
        "resolved": "8.0.0",
        "contentHash": "dt0x21qBdudHLW/bjMJpkixv858RRr8eSomgVbU8qljOyfrfDGi1JQvpF9w8S7ziRPtRKisuWaOwFxJM82GxeA==",
        "dependencies": {
          "Microsoft.Extensions.DependencyInjection.Abstractions": "8.0.0",
          "Microsoft.Extensions.Logging": "8.0.0",
          "Microsoft.Extensions.Logging.Abstractions": "8.0.0"
        }
      },
      "Microsoft.Extensions.Logging.EventLog": {
        "type": "Transitive",
        "resolved": "8.0.0",
        "contentHash": "3X9D3sl7EmOu7vQp5MJrmIJBl5XSdOhZPYXUeFfYa6Nnm9+tok8x3t3IVPLhm7UJtPOU61ohFchw8rNm9tIYOQ==",
        "dependencies": {
          "Microsoft.Extensions.DependencyInjection.Abstractions": "8.0.0",
          "Microsoft.Extensions.Logging": "8.0.0",
          "Microsoft.Extensions.Logging.Abstractions": "8.0.0",
          "Microsoft.Extensions.Options": "8.0.0",
          "System.Diagnostics.EventLog": "8.0.0"
        }
      },
      "Microsoft.Extensions.Logging.EventSource": {
        "type": "Transitive",
        "resolved": "8.0.0",
        "contentHash": "oKcPMrw+luz2DUAKhwFXrmFikZWnyc8l2RKoQwqU3KIZZjcfoJE0zRHAnqATfhRZhtcbjl/QkiY2Xjxp0xu+6w==",
        "dependencies": {
          "Microsoft.Extensions.DependencyInjection.Abstractions": "8.0.0",
          "Microsoft.Extensions.Logging": "8.0.0",
          "Microsoft.Extensions.Logging.Abstractions": "8.0.0",
          "Microsoft.Extensions.Options": "8.0.0",
          "Microsoft.Extensions.Primitives": "8.0.0",
          "System.Text.Json": "8.0.0"
        }
      },
      "Microsoft.Extensions.ObjectPool": {
        "type": "Transitive",
        "resolved": "8.0.1",
        "contentHash": "X21b8D6z58EG34OMLH955750mFaEaGs5xLGe9Vyi3059Cgb3sk+p2k/JlQXaieEBRrk+SVlFzDei3Q6PdVzJOA=="
      },
      "Microsoft.Extensions.Options": {
        "type": "Transitive",
        "resolved": "8.0.0",
        "contentHash": "JOVOfqpnqlVLUzINQ2fox8evY2SKLYJ3BV8QDe/Jyp21u1T7r45x/R/5QdteURMR5r01GxeJSBBUOCOyaNXA3g==",
        "dependencies": {
          "Microsoft.Extensions.DependencyInjection.Abstractions": "8.0.0",
          "Microsoft.Extensions.Primitives": "8.0.0"
        }
      },
      "Microsoft.Extensions.Options.ConfigurationExtensions": {
        "type": "Transitive",
        "resolved": "8.0.0",
        "contentHash": "0f4DMRqEd50zQh+UyJc+/HiBsZ3vhAQALgdkcQEalSH1L2isdC7Yj54M3cyo5e+BeO5fcBQ7Dxly8XiBBcvRgw==",
        "dependencies": {
          "Microsoft.Extensions.Configuration.Abstractions": "8.0.0",
          "Microsoft.Extensions.Configuration.Binder": "8.0.0",
          "Microsoft.Extensions.DependencyInjection.Abstractions": "8.0.0",
          "Microsoft.Extensions.Options": "8.0.0",
          "Microsoft.Extensions.Primitives": "8.0.0"
        }
      },
      "Microsoft.Extensions.Primitives": {
        "type": "Transitive",
        "resolved": "8.0.0",
        "contentHash": "bXJEZrW9ny8vjMF1JV253WeLhpEVzFo1lyaZu1vQ4ZxWUlVvknZ/+ftFgVheLubb4eZPSwwxBeqS1JkCOjxd8g=="
      },
      "Serilog": {
        "type": "Transitive",
        "resolved": "3.1.1",
        "contentHash": "P6G4/4Kt9bT635bhuwdXlJ2SCqqn2nhh4gqFqQueCOr9bK/e7W9ll/IoX1Ter948cV2Z/5+5v8pAfJYUISY03A=="
      },
      "Serilog.Extensions.Hosting": {
        "type": "Transitive",
        "resolved": "8.0.0",
        "contentHash": "db0OcbWeSCvYQkHWu6n0v40N4kKaTAXNjlM3BKvcbwvNzYphQFcBR+36eQ/7hMMwOkJvAyLC2a9/jNdUL5NjtQ==",
        "dependencies": {
          "Microsoft.Extensions.DependencyInjection.Abstractions": "8.0.0",
          "Microsoft.Extensions.Hosting.Abstractions": "8.0.0",
          "Microsoft.Extensions.Logging.Abstractions": "8.0.0",
          "Serilog": "3.1.1",
          "Serilog.Extensions.Logging": "8.0.0"
        }
      },
      "Serilog.Extensions.Logging": {
        "type": "Transitive",
        "resolved": "8.0.0",
        "contentHash": "YEAMWu1UnWgf1c1KP85l1SgXGfiVo0Rz6x08pCiPOIBt2Qe18tcZLvdBUuV5o1QHvrs8FAry9wTIhgBRtjIlEg==",
        "dependencies": {
          "Microsoft.Extensions.Logging": "8.0.0",
          "Serilog": "3.1.1"
        }
      },
      "Serilog.Settings.Configuration": {
        "type": "Transitive",
        "resolved": "8.0.0",
        "contentHash": "nR0iL5HwKj5v6ULo3/zpP8NMcq9E2pxYA6XKTSWCbugVs4YqPyvaqaKOY+OMpPivKp7zMEpax2UKHnDodbRB0Q==",
        "dependencies": {
          "Microsoft.Extensions.Configuration.Binder": "8.0.0",
          "Microsoft.Extensions.DependencyModel": "8.0.0",
          "Serilog": "3.1.1"
        }
      },
      "System.Diagnostics.DiagnosticSource": {
        "type": "Transitive",
        "resolved": "8.0.0",
        "contentHash": "c9xLpVz6PL9lp/djOWtk5KPDZq3cSYpmXoJQY524EOtuFl5z9ZtsotpsyrDW40U1DRnQSYvcPKEUV0X//u6gkQ=="
      },
      "System.Diagnostics.EventLog": {
        "type": "Transitive",
        "resolved": "8.0.0",
        "contentHash": "fdYxcRjQqTTacKId/2IECojlDSFvp7LP5N78+0z/xH7v/Tuw5ZAxu23Y6PTCRinqyu2ePx+Gn1098NC6jM6d+A=="
      },
      "System.Text.Encodings.Web": {
        "type": "Transitive",
        "resolved": "8.0.0",
        "contentHash": "yev/k9GHAEGx2Rg3/tU6MQh4HGBXJs70y7j1LaM1i/ER9po+6nnQ6RRqTJn1E7Xu0fbIFK80Nh5EoODxrbxwBQ=="
      },
      "System.Text.Json": {
        "type": "Transitive",
        "resolved": "8.0.0",
        "contentHash": "OdrZO2WjkiEG6ajEFRABTRCi/wuXQPxeV6g8xvUJqdxMvvuCCEk86zPla8UiIQJz3durtUEbNyY/3lIhS0yZvQ==",
        "dependencies": {
          "System.Text.Encodings.Web": "8.0.0"
        }
      },
      "impostor.api": {
        "type": "Project",
        "dependencies": {
          "Impostor.Hazel.Abstractions": "[1.0.0, )",
          "Microsoft.AspNetCore.Http.Abstractions": "[2.2.0, )",
          "Microsoft.Extensions.Hosting.Abstractions": "[8.0.0, )",
          "Microsoft.Extensions.Logging.Abstractions": "[8.0.0, )"
        }
      },
      "impostor.server": {
        "type": "Project",
        "dependencies": {
          "Impostor.Api": "[1.9.0-dev, )",
          "Impostor.Hazel": "[1.0.0, )",
          "Microsoft.Extensions.FileSystemGlobbing": "[8.0.0, )",
          "Microsoft.Extensions.Hosting": "[8.0.0, )",
          "Microsoft.Extensions.ObjectPool": "[8.0.1, )",
          "Serilog.Extensions.Hosting": "[8.0.0, )",
          "Serilog.Settings.Configuration": "[8.0.0, )",
          "Serilog.Sinks.Console": "[5.0.1, )"
        }
      }
    }
  }
}