
Microsoft Visual Studio Solution File, Format Version 12.00
# Visual Studio Version 16
VisualStudioVersion = 16.0.30503.244
MinimumVisualStudioVersion = 10.0.40219.1
Project("{FAE04EC0-301F-11D3-BF4B-00C04F79EFBC}") = "Impostor.Server", "Impostor.Server\Impostor.Server.csproj", "{1B0390AF-A4F3-4FE4-B093-708B0135C0B3}"
EndProject
Project("{FAE04EC0-301F-11D3-BF4B-00C04F79EFBC}") = "Impostor.Api", "Impostor.Api\Impostor.Api.csproj", "{E096A7D7-D693-4A13-A526-38CC574D84F8}"
EndProject
Project("{FAE04EC0-301F-11D3-BF4B-00C04F79EFBC}") = "Impostor.Api.Generator", "Impostor.Api.Generator\Impostor.Api.Generator.csproj", "{8B6C3AC5-E2B2-49F8-854D-22DFB4AB3D31}"
EndProject
Project("{FAE04EC0-301F-11D3-BF4B-00C04F79EFBC}") = "Impostor.Api.Extension", "Impostor.Api.Extension\Impostor.Api.Extension.csproj", "{5457D76E-2EF7-441F-88CF-5E5A2FBE94FC}"
EndProject
Project("{2150E333-8FDC-42A3-9474-1A3956D46DE8}") = "Plugins", "Plugins", "{32836008-CC0F-4EAB-B460-4C082AF42C6C}"
EndProject
Project("{FAE04EC0-301F-11D3-BF4B-00C04F79EFBC}") = "SelfHttpMatchmaker", "Plugins\SelfHttpMatchmaker\SelfHttpMatchmaker.csproj", "{7E912EBE-52F5-4D6D-9203-38069456D9B9}"
EndProject
Global
	GlobalSection(SolutionConfigurationPlatforms) = preSolution
		Debug|Any CPU = Debug|Any CPU
		Debug|x86 = Debug|x86
		Release|Any CPU = Release|Any CPU
		Release|x86 = Release|x86
	EndGlobalSection
	GlobalSection(ProjectConfigurationPlatforms) = postSolution
		{1B0390AF-A4F3-4FE4-B093-708B0135C0B3}.Debug|Any CPU.ActiveCfg = Debug|Any CPU
		{1B0390AF-A4F3-4FE4-B093-708B0135C0B3}.Debug|Any CPU.Build.0 = Debug|Any CPU
		{1B0390AF-A4F3-4FE4-B093-708B0135C0B3}.Debug|x86.ActiveCfg = Debug|Any CPU
		{1B0390AF-A4F3-4FE4-B093-708B0135C0B3}.Debug|x86.Build.0 = Debug|Any CPU
		{1B0390AF-A4F3-4FE4-B093-708B0135C0B3}.Release|Any CPU.ActiveCfg = Release|Any CPU
		{1B0390AF-A4F3-4FE4-B093-708B0135C0B3}.Release|Any CPU.Build.0 = Release|Any CPU
		{1B0390AF-A4F3-4FE4-B093-708B0135C0B3}.Release|x86.ActiveCfg = Release|Any CPU
		{1B0390AF-A4F3-4FE4-B093-708B0135C0B3}.Release|x86.Build.0 = Release|Any CPU
		{E096A7D7-D693-4A13-A526-38CC574D84F8}.Debug|Any CPU.ActiveCfg = Debug|Any CPU
		{E096A7D7-D693-4A13-A526-38CC574D84F8}.Debug|Any CPU.Build.0 = Debug|Any CPU
		{E096A7D7-D693-4A13-A526-38CC574D84F8}.Debug|x86.ActiveCfg = Debug|Any CPU
		{E096A7D7-D693-4A13-A526-38CC574D84F8}.Debug|x86.Build.0 = Debug|Any CPU
		{E096A7D7-D693-4A13-A526-38CC574D84F8}.Release|Any CPU.ActiveCfg = Release|Any CPU
		{E096A7D7-D693-4A13-A526-38CC574D84F8}.Release|Any CPU.Build.0 = Release|Any CPU
		{E096A7D7-D693-4A13-A526-38CC574D84F8}.Release|x86.ActiveCfg = Release|Any CPU
		{E096A7D7-D693-4A13-A526-38CC574D84F8}.Release|x86.Build.0 = Release|Any CPU
		{8B6C3AC5-E2B2-49F8-854D-22DFB4AB3D31}.Debug|Any CPU.ActiveCfg = Debug|Any CPU
		{8B6C3AC5-E2B2-49F8-854D-22DFB4AB3D31}.Debug|Any CPU.Build.0 = Debug|Any CPU
		{8B6C3AC5-E2B2-49F8-854D-22DFB4AB3D31}.Debug|x86.ActiveCfg = Debug|Any CPU
		{8B6C3AC5-E2B2-49F8-854D-22DFB4AB3D31}.Debug|x86.Build.0 = Debug|Any CPU
		{8B6C3AC5-E2B2-49F8-854D-22DFB4AB3D31}.Release|Any CPU.ActiveCfg = Release|Any CPU
		{8B6C3AC5-E2B2-49F8-854D-22DFB4AB3D31}.Release|Any CPU.Build.0 = Release|Any CPU
		{8B6C3AC5-E2B2-49F8-854D-22DFB4AB3D31}.Release|x86.ActiveCfg = Release|Any CPU
		{8B6C3AC5-E2B2-49F8-854D-22DFB4AB3D31}.Release|x86.Build.0 = Release|Any CPU
		{5457D76E-2EF7-441F-88CF-5E5A2FBE94FC}.Debug|Any CPU.ActiveCfg = Debug|Any CPU
		{5457D76E-2EF7-441F-88CF-5E5A2FBE94FC}.Debug|Any CPU.Build.0 = Debug|Any CPU
		{5457D76E-2EF7-441F-88CF-5E5A2FBE94FC}.Debug|x86.ActiveCfg = Debug|Any CPU
		{5457D76E-2EF7-441F-88CF-5E5A2FBE94FC}.Debug|x86.Build.0 = Debug|Any CPU
		{5457D76E-2EF7-441F-88CF-5E5A2FBE94FC}.Release|Any CPU.ActiveCfg = Release|Any CPU
		{5457D76E-2EF7-441F-88CF-5E5A2FBE94FC}.Release|Any CPU.Build.0 = Release|Any CPU
		{5457D76E-2EF7-441F-88CF-5E5A2FBE94FC}.Release|x86.ActiveCfg = Release|Any CPU
		{5457D76E-2EF7-441F-88CF-5E5A2FBE94FC}.Release|x86.Build.0 = Release|Any CPU
		{7E912EBE-52F5-4D6D-9203-38069456D9B9}.Debug|Any CPU.ActiveCfg = Debug|Any CPU
		{7E912EBE-52F5-4D6D-9203-38069456D9B9}.Debug|Any CPU.Build.0 = Debug|Any CPU
		{7E912EBE-52F5-4D6D-9203-38069456D9B9}.Debug|x86.ActiveCfg = Debug|Any CPU
		{7E912EBE-52F5-4D6D-9203-38069456D9B9}.Debug|x86.Build.0 = Debug|Any CPU
		{7E912EBE-52F5-4D6D-9203-38069456D9B9}.Release|Any CPU.ActiveCfg = Release|Any CPU
		{7E912EBE-52F5-4D6D-9203-38069456D9B9}.Release|Any CPU.Build.0 = Release|Any CPU
		{7E912EBE-52F5-4D6D-9203-38069456D9B9}.Release|x86.ActiveCfg = Release|Any CPU
		{7E912EBE-52F5-4D6D-9203-38069456D9B9}.Release|x86.Build.0 = Release|Any CPU
	EndGlobalSection
	GlobalSection(SolutionProperties) = preSolution
		HideSolutionNode = FALSE
	EndGlobalSection
	GlobalSection(ExtensibilityGlobals) = postSolution
		SolutionGuid = {06245255-E585-483C-A4AD-71B7B568C6C8}
	EndGlobalSection
	GlobalSection(NestedProjects) = preSolution
		{7E912EBE-52F5-4D6D-9203-38069456D9B9} = {32836008-CC0F-4EAB-B460-4C082AF42C6C}
	EndGlobalSection
EndGlobal
